
Microsoft Visual Studio Solution File, Format Version 12.00
# Visual Studio Version 17
VisualStudioVersion = 17.6.33829.357
MinimumVisualStudioVersion = 10.0.40219.1
Project("{FAE04EC0-301F-11D3-BF4B-00C04F79EFBC}") = "WatchWorld", "WatchWorld\WatchWorld.csproj", "{4E896895-5CA9-4EAC-83A4-83962C8E4019}"
EndProject
Global
	GlobalSection(SolutionConfigurationPlatforms) = preSolution
		Debug|Any CPU = Debug|Any CPU
		Release|Any CPU = Release|Any CPU
	EndGlobalSection
	GlobalSection(ProjectConfigurationPlatforms) = postSolution
		{4E896895-5CA9-4EAC-83A4-83962C8E4019}.Debug|Any CPU.ActiveCfg = Debug|Any CPU
		{4E896895-5CA9-4EAC-83A4-83962C8E4019}.Debug|Any CPU.Build.0 = Debug|Any CPU
		{4E896895-5CA9-4EAC-83A4-83962C8E4019}.Release|Any CPU.ActiveCfg = Release|Any CPU
		{4E896895-5CA9-4EAC-83A4-83962C8E4019}.Release|Any CPU.Build.0 = Release|Any CPU
	EndGlobalSection
	GlobalSection(SolutionProperties) = preSolution
		HideSolutionNode = FALSE
	EndGlobalSection
	GlobalSection(ExtensibilityGlobals) = postSolution
		SolutionGuid = {88F496AF-C5B8-4164-9AE2-0115AEBCF414}
	EndGlobalSection
EndGlobal
